
Microsoft Visual Studio Solution File, Format Version 12.00
# Visual Studio Version 17
VisualStudioVersion = 17.6.33723.286
MinimumVisualStudioVersion = 10.0.40219.1
Project("{FAE04EC0-301F-11D3-BF4B-00C04F79EFBC}") = "GroceryOrdering", "GroceryOrdering.csproj", "{18033CE5-F1E6-48EC-AB5A-47041141451B}"
EndProject
Global
	GlobalSection(SolutionConfigurationPlatforms) = preSolution
		Debug|Any CPU = Debug|Any CPU
		Release|Any CPU = Release|Any CPU
	EndGlobalSection
	GlobalSection(ProjectConfigurationPlatforms) = postSolution
		{18033CE5-F1E6-48EC-AB5A-47041141451B}.Debug|Any CPU.ActiveCfg = Debug|Any CPU
		{18033CE5-F1E6-48EC-AB5A-47041141451B}.Debug|Any CPU.Build.0 = Debug|Any CPU
		{18033CE5-F1E6-48EC-AB5A-47041141451B}.Release|Any CPU.ActiveCfg = Release|Any CPU
		{18033CE5-F1E6-48EC-AB5A-47041141451B}.Release|Any CPU.Build.0 = Release|Any CPU
	EndGlobalSection
	GlobalSection(SolutionProperties) = preSolution
		HideSolutionNode = FALSE
	EndGlobalSection
	GlobalSection(ExtensibilityGlobals) = postSolution
		SolutionGuid = {7A00C996-CE60-4911-B705-452D5EF17724}
	EndGlobalSection
EndGlobal
